<?xml version="1.0" encoding="utf-8"?>
<Project ToolsVersion="4.0" xmlns="http://schemas.microsoft.com/developer/msbuild/2003">
  <ItemGroup>
    <Filter Include="Source Files">
      <UniqueIdentifier>{4FC737F1-C7A5-4376-A066-2A32D752A2FF}</UniqueIdentifier>
      <Extensions>cpp;c;cc;cxx;def;odl;idl;hpj;bat;asm;asmx</Extensions>
    </Filter>
    <Filter Include="Header Files">
      <UniqueIdentifier>{93995380-89BD-4b04-88EB-625FBE52EBFB}</UniqueIdentifier>
      <Extensions>h;hh;hpp;hxx;hm;inl;inc;xsd</Extensions>
    </Filter>
    <Filter Include="Resource Files">
      <UniqueIdentifier>{67DA6AB6-F800-4c08-8B7A-83BB121AAD01}</UniqueIdentifier>
      <Extensions>rc;ico;cur;bmp;dlg;rc2;rct;bin;rgs;gif;jpg;jpeg;jpe;resx;tiff;tif;png;wav;mfcribbon-ms</Extensions>
    </Filter>
    <Filter Include="Constants">
      <UniqueIdentifier>{6af07a79-4fcc-45fd-b2b4-f0b6bf7a8d31}</UniqueIdentifier>
    </Filter>
    <Filter Include="Framework">
      <UniqueIdentifier>{d000eaf2-1f23-40a4-b442-95f71965b734}</UniqueIdentifier>
    </Filter>
    <Filter Include="StaticObjects">
      <UniqueIdentifier>{b6aa113b-22a0-4ebf-8ca8-7a3d4982e428}</UniqueIdentifier>
    </Filter>
    <Filter Include="MoveObjecs">
      <UniqueIdentifier>{c4f96bf9-82a2-44b5-ac08-4a77c88f2875}</UniqueIdentifier>
    </Filter>
    <Filter Include="UI">
      <UniqueIdentifier>{136d6425-1b6a-4844-bdf9-4f975dd77b05}</UniqueIdentifier>
    </Filter>
    <Filter Include="Helper">
      <UniqueIdentifier>{50c4b9d2-29bb-41b5-b758-07eac4fa1a3d}</UniqueIdentifier>
    </Filter>
  </ItemGroup>
  <ItemGroup>
    <ClCompile Include="main.cpp">
      <Filter>Source Files</Filter>
    </ClCompile>
    <ClCompile Include="Game.cpp">
      <Filter>Framework</Filter>
    </ClCompile>
    <ClCompile Include="GameObject.cpp">
      <Filter>Framework</Filter>
    </ClCompile>
    <ClCompile Include="Textures.cpp">
      <Filter>Framework</Filter>
    </ClCompile>
    <ClCompile Include="Sprites.cpp">
      <Filter>Framework</Filter>
    </ClCompile>
    <ClCompile Include="LoadResource.cpp">
      <Filter>Framework</Filter>
    </ClCompile>
    <ClCompile Include="KeyboardInput.cpp">
      <Filter>Framework</Filter>
    </ClCompile>
    <ClCompile Include="SceneManager.cpp">
      <Filter>Framework</Filter>
    </ClCompile>
    <ClCompile Include="Simon.cpp">
      <Filter>MoveObjecs</Filter>
    </ClCompile>
    <ClCompile Include="TileMap.cpp">
      <Filter>Framework</Filter>
    </ClCompile>
    <ClCompile Include="Grid.cpp">
      <Filter>Framework</Filter>
    </ClCompile>
    <ClCompile Include="HiddenObject.cpp">
      <Filter>Framework</Filter>
    </ClCompile>
    <ClCompile Include="Enemy.cpp">
      <Filter>Framework</Filter>
    </ClCompile>
    <ClCompile Include="Zombie.cpp">
      <Filter>MoveObjecs</Filter>
    </ClCompile>
    <ClCompile Include="BlackLeopard.cpp">
      <Filter>MoveObjecs</Filter>
    </ClCompile>
    <ClCompile Include="FireBall.cpp">
      <Filter>MoveObjecs</Filter>
    </ClCompile>
    <ClCompile Include="FishMan.cpp">
      <Filter>MoveObjecs</Filter>
    </ClCompile>
    <ClCompile Include="VampireBat.cpp">
      <Filter>MoveObjecs</Filter>
    </ClCompile>
    <ClCompile Include="SubWeapon.cpp">
      <Filter>Framework</Filter>
    </ClCompile>
    <ClCompile Include="Boss.cpp">
      <Filter>MoveObjecs</Filter>
    </ClCompile>
    <ClCompile Include="BreakWall.cpp">
      <Filter>StaticObjects</Filter>
    </ClCompile>
    <ClCompile Include="Bubbles.cpp">
      <Filter>MoveObjecs</Filter>
    </ClCompile>
    <ClCompile Include="Candle.cpp">
      <Filter>StaticObjects</Filter>
    </ClCompile>
    <ClCompile Include="Door.cpp">
      <Filter>StaticObjects</Filter>
    </ClCompile>
    <ClCompile Include="ChangeSceneBlock.cpp">
      <Filter>StaticObjects</Filter>
    </ClCompile>
    <ClCompile Include="GetHiddenMoneyObject.cpp">
      <Filter>StaticObjects</Filter>
    </ClCompile>
    <ClCompile Include="MoneyBagFlashing.cpp">
      <Filter>StaticObjects</Filter>
    </ClCompile>
    <ClCompile Include="Water.cpp">
      <Filter>StaticObjects</Filter>
    </ClCompile>
    <ClCompile Include="Items.cpp">
      <Filter>StaticObjects</Filter>
    </ClCompile>
    <ClCompile Include="Ground.cpp">
      <Filter>StaticObjects</Filter>
    </ClCompile>
    <ClCompile Include="Weapon.cpp">
      <Filter>StaticObjects</Filter>
    </ClCompile>
    <ClCompile Include="WallBlock.cpp">
      <Filter>StaticObjects</Filter>
    </ClCompile>
    <ClCompile Include="Stair.cpp">
      <Filter>StaticObjects</Filter>
    </ClCompile>
    <ClCompile Include="GUI.cpp">
      <Filter>UI</Filter>
    </ClCompile>
    <ClCompile Include="Timer.cpp">
      <Filter>Helper</Filter>
    </ClCompile>
    <ClCompile Include="debug.cpp">
      <Filter>Helper</Filter>
    </ClCompile>
  </ItemGroup>
  <ItemGroup>
    <ClInclude Include="Const.h">
      <Filter>Constants</Filter>
    </ClInclude>
    <ClInclude Include="Game.h">
      <Filter>Framework</Filter>
    </ClInclude>
    <ClInclude Include="GameObject.h">
      <Filter>Framework</Filter>
    </ClInclude>
    <ClInclude Include="Textures.h">
      <Filter>Framework</Filter>
    </ClInclude>
    <ClInclude Include="Sprites.h">
      <Filter>Framework</Filter>
    </ClInclude>
    <ClInclude Include="LoadResource.h">
      <Filter>Framework</Filter>
    </ClInclude>
    <ClInclude Include="KeyboardInput.h">
      <Filter>Framework</Filter>
    </ClInclude>
    <ClInclude Include="SceneManager.h">
      <Filter>Framework</Filter>
    </ClInclude>
    <ClInclude Include="Simon.h">
      <Filter>MoveObjecs</Filter>
    </ClInclude>
    <ClInclude Include="TileMap.h">
      <Filter>Framework</Filter>
    </ClInclude>
    <ClInclude Include="Grid.h">
      <Filter>Framework</Filter>
    </ClInclude>
    <ClInclude Include="HiddenObject.h">
      <Filter>Framework</Filter>
    </ClInclude>
    <ClInclude Include="Enemy.h">
      <Filter>Framework</Filter>
    </ClInclude>
    <ClInclude Include="Zombie.h">
      <Filter>MoveObjecs</Filter>
    </ClInclude>
    <ClInclude Include="BlackLeopard.h">
      <Filter>MoveObjecs</Filter>
    </ClInclude>
    <ClInclude Include="FireBall.h">
      <Filter>MoveObjecs</Filter>
    </ClInclude>
    <ClInclude Include="FishMan.h">
      <Filter>MoveObjecs</Filter>
    </ClInclude>
    <ClInclude Include="Bubbles.h">
      <Filter>MoveObjecs</Filter>
    </ClInclude>
    <ClInclude Include="VampireBat.h">
      <Filter>MoveObjecs</Filter>
    </ClInclude>
    <ClInclude Include="SubWeapon.h">
      <Filter>Framework</Filter>
    </ClInclude>
    <ClInclude Include="Boss.h">
      <Filter>MoveObjecs</Filter>
    </ClInclude>
    <ClInclude Include="BreakWall.h">
      <Filter>StaticObjects</Filter>
    </ClInclude>
    <ClInclude Include="Candle.h">
      <Filter>StaticObjects</Filter>
    </ClInclude>
    <ClInclude Include="Door.h">
      <Filter>StaticObjects</Filter>
    </ClInclude>
    <ClInclude Include="ChangeSceneBlock.h">
      <Filter>StaticObjects</Filter>
    </ClInclude>
    <ClInclude Include="GetHiddenMoneyObject.h">
      <Filter>StaticObjects</Filter>
    </ClInclude>
    <ClInclude Include="MoneyBagFlashing.h">
      <Filter>StaticObjects</Filter>
    </ClInclude>
    <ClInclude Include="Water.h">
      <Filter>StaticObjects</Filter>
    </ClInclude>
    <ClInclude Include="Items.h">
      <Filter>StaticObjects</Filter>
    </ClInclude>
    <ClInclude Include="Ground.h">
      <Filter>StaticObjects</Filter>
    </ClInclude>
    <ClInclude Include="Weapon.h">
      <Filter>StaticObjects</Filter>
    </ClInclude>
    <ClInclude Include="WallBlock.h">
      <Filter>StaticObjects</Filter>
    </ClInclude>
    <ClInclude Include="Stair.h">
      <Filter>StaticObjects</Filter>
    </ClInclude>
    <ClInclude Include="GUI.h">
      <Filter>UI</Filter>
    </ClInclude>
    <ClInclude Include="Timer.h">
      <Filter>Helper</Filter>
    </ClInclude>
    <ClInclude Include="debug.h">
      <Filter>Helper</Filter>
    </ClInclude>
  </ItemGroup>
  <ItemGroup>
    <Image Include="textures\mario.png">
      <Filter>Resource Files</Filter>
    </Image>
  </ItemGroup>
  <ItemGroup>
    <None Include="packages.config" />
  </ItemGroup>
</Project>